
Microsoft Visual Studio Solution File, Format Version 12.00
# Visual Studio Version 17
VisualStudioVersion = 17.3.32804.467
MinimumVisualStudioVersion = 10.0.40219.1
Project("{FAE04EC0-301F-11D3-BF4B-00C04F79EFBC}") = "DemoBankProject", "DemoBankProject.csproj", "{57C12626-EF27-48F7-9487-CCE59084DB3A}"
EndProject
Global
	GlobalSection(SolutionConfigurationPlatforms) = preSolution
		Debug|Any CPU = Debug|Any CPU
		Release|Any CPU = Release|Any CPU
	EndGlobalSection
	GlobalSection(ProjectConfigurationPlatforms) = postSolution
		{57C12626-EF27-48F7-9487-CCE59084DB3A}.Debug|Any CPU.ActiveCfg = Debug|Any CPU
		{57C12626-EF27-48F7-9487-CCE59084DB3A}.Debug|Any CPU.Build.0 = Debug|Any CPU
		{57C12626-EF27-48F7-9487-CCE59084DB3A}.Release|Any CPU.ActiveCfg = Release|Any CPU
		{57C12626-EF27-48F7-9487-CCE59084DB3A}.Release|Any CPU.Build.0 = Release|Any CPU
	EndGlobalSection
	GlobalSection(SolutionProperties) = preSolution
		HideSolutionNode = FALSE
	EndGlobalSection
	GlobalSection(ExtensibilityGlobals) = postSolution
		SolutionGuid = {1F9FD184-9D6B-4CD9-9E9A-7DCEA71F590E}
	EndGlobalSection
EndGlobal
